
Microsoft Visual Studio Solution File, Format Version 12.00
Project("{2150E333-8FDC-42A3-9474-1A3956D46DE8}") = "src", "src", "{CC5FF471-814E-4ACF-A52A-42DB5436F4E7}"
EndProject
Project("{FAE04EC0-301F-11D3-BF4B-00C04F79EFBC}") = "AutoEF.CodeGen.Client", "src\AutoEF.CodeGen.Client\AutoEF.CodeGen.Client.csproj", "{B681D858-94D7-4349-A962-7D45FF632C28}"
EndProject
Global
	GlobalSection(SolutionConfigurationPlatforms) = preSolution
		Debug|Any CPU = Debug|Any CPU
		Release|Any CPU = Release|Any CPU
	EndGlobalSection
	GlobalSection(ProjectConfigurationPlatforms) = postSolution
		{B681D858-94D7-4349-A962-7D45FF632C28}.Debug|Any CPU.ActiveCfg = Debug|Any CPU
		{B681D858-94D7-4349-A962-7D45FF632C28}.Debug|Any CPU.Build.0 = Debug|Any CPU
		{B681D858-94D7-4349-A962-7D45FF632C28}.Release|Any CPU.ActiveCfg = Release|Any CPU
		{B681D858-94D7-4349-A962-7D45FF632C28}.Release|Any CPU.Build.0 = Release|Any CPU
	EndGlobalSection
	GlobalSection(NestedProjects) = preSolution
		{B681D858-94D7-4349-A962-7D45FF632C28} = {CC5FF471-814E-4ACF-A52A-42DB5436F4E7}
	EndGlobalSection
EndGlobal
